// !$*UTF8*$!
{
   archiveVersion = "1";
   objectVersion = "46";
   objects = {
      "ListModel::ListModel" = {
         isa = "PBXNativeTarget";
         buildConfigurationList = "OBJ_104";
         buildPhases = (
            "OBJ_107",
            "OBJ_176"
         );
         dependencies = (
         );
         name = "ListModel";
         productName = "ListModel";
         productReference = "ListModel::ListModel::Product";
         productType = "com.apple.product-type.framework";
      };
      "ListModel::ListModel::Product" = {
         isa = "PBXFileReference";
         path = "ListModel.framework";
         sourceTree = "BUILT_PRODUCTS_DIR";
      };
      "ListModel::ListModelPackageTests::ProductTarget" = {
         isa = "PBXAggregateTarget";
         buildConfigurationList = "OBJ_184";
         buildPhases = (
         );
         dependencies = (
            "OBJ_187"
         );
         name = "ListModelPackageTests";
         productName = "ListModelPackageTests";
      };
      "ListModel::ListModelTests" = {
         isa = "PBXNativeTarget";
         buildConfigurationList = "OBJ_189";
         buildPhases = (
            "OBJ_192",
            "OBJ_198"
         );
         dependencies = (
            "OBJ_200"
         );
         name = "ListModelTests";
         productName = "ListModelTests";
         productReference = "ListModel::ListModelTests::Product";
         productType = "com.apple.product-type.bundle.unit-test";
      };
      "ListModel::ListModelTests::Product" = {
         isa = "PBXFileReference";
         path = "ListModelTests.xctest";
         sourceTree = "BUILT_PRODUCTS_DIR";
      };
      "ListModel::SwiftPMPackageDescription" = {
         isa = "PBXNativeTarget";
         buildConfigurationList = "OBJ_178";
         buildPhases = (
            "OBJ_181"
         );
         dependencies = (
         );
         name = "ListModelPackageDescription";
         productName = "ListModelPackageDescription";
         productType = "com.apple.product-type.framework";
      };
      "OBJ_1" = {
         isa = "PBXProject";
         attributes = {
            LastSwiftMigration = "9999";
            LastUpgradeCheck = "9999";
         };
         buildConfigurationList = "OBJ_2";
         compatibilityVersion = "Xcode 3.2";
         developmentRegion = "en";
         hasScannedForEncodings = "0";
         knownRegions = (
            "en"
         );
         mainGroup = "OBJ_5";
         productRefGroup = "OBJ_95";
         projectDirPath = ".";
         targets = (
            "ListModel::ListModel",
            "ListModel::SwiftPMPackageDescription",
            "ListModel::ListModelPackageTests::ProductTarget",
            "ListModel::ListModelTests"
         );
      };
      "OBJ_10" = {
         isa = "PBXGroup";
         children = (
            "OBJ_11",
            "OBJ_12",
            "OBJ_13",
            "OBJ_14",
            "OBJ_16"
         );
         name = "Collection";
         path = "Collection";
         sourceTree = "<group>";
      };
      "OBJ_100" = {
         isa = "PBXFileReference";
         path = "LICENSE";
         sourceTree = "<group>";
      };
      "OBJ_101" = {
         isa = "PBXFileReference";
         path = "ListModel.podspec";
         sourceTree = "<group>";
      };
      "OBJ_102" = {
         isa = "PBXFileReference";
         path = "README.md";
         sourceTree = "<group>";
      };
      "OBJ_104" = {
         isa = "XCConfigurationList";
         buildConfigurations = (
            "OBJ_105",
            "OBJ_106"
         );
         defaultConfigurationIsVisible = "0";
         defaultConfigurationName = "Release";
      };
      "OBJ_105" = {
         isa = "XCBuildConfiguration";
         buildSettings = {
            ENABLE_TESTABILITY = "YES";
            FRAMEWORK_SEARCH_PATHS = (
               "$(inherited)",
               "$(PLATFORM_DIR)/Developer/Library/Frameworks"
            );
            HEADER_SEARCH_PATHS = (
               "$(inherited)"
            );
            INFOPLIST_FILE = "ListModel.xcodeproj/ListModel_Info.plist";
            IPHONEOS_DEPLOYMENT_TARGET = "10.0";
            LD_RUNPATH_SEARCH_PATHS = (
               "$(inherited)",
               "$(TOOLCHAIN_DIR)/usr/lib/swift/macosx"
            );
            MACOSX_DEPLOYMENT_TARGET = "10.10";
            OTHER_CFLAGS = (
               "$(inherited)"
            );
            OTHER_LDFLAGS = (
               "$(inherited)"
            );
            OTHER_SWIFT_FLAGS = (
               "$(inherited)"
            );
            PRODUCT_BUNDLE_IDENTIFIER = "ListModel";
            PRODUCT_MODULE_NAME = "$(TARGET_NAME:c99extidentifier)";
            PRODUCT_NAME = "$(TARGET_NAME:c99extidentifier)";
            SKIP_INSTALL = "YES";
            SWIFT_ACTIVE_COMPILATION_CONDITIONS = (
               "$(inherited)"
            );
            SWIFT_VERSION = "5.0";
            TARGET_NAME = "ListModel";
            TVOS_DEPLOYMENT_TARGET = "10.0";
            WATCHOS_DEPLOYMENT_TARGET = "2.0";
         };
         name = "Debug";
      };
      "OBJ_106" = {
         isa = "XCBuildConfiguration";
         buildSettings = {
            ENABLE_TESTABILITY = "YES";
            FRAMEWORK_SEARCH_PATHS = (
               "$(inherited)",
               "$(PLATFORM_DIR)/Developer/Library/Frameworks"
            );
            HEADER_SEARCH_PATHS = (
               "$(inherited)"
            );
            INFOPLIST_FILE = "ListModel.xcodeproj/ListModel_Info.plist";
            IPHONEOS_DEPLOYMENT_TARGET = "10.0";
            LD_RUNPATH_SEARCH_PATHS = (
               "$(inherited)",
               "$(TOOLCHAIN_DIR)/usr/lib/swift/macosx"
            );
            MACOSX_DEPLOYMENT_TARGET = "10.10";
            OTHER_CFLAGS = (
               "$(inherited)"
            );
            OTHER_LDFLAGS = (
               "$(inherited)"
            );
            OTHER_SWIFT_FLAGS = (
               "$(inherited)"
            );
            PRODUCT_BUNDLE_IDENTIFIER = "ListModel";
            PRODUCT_MODULE_NAME = "$(TARGET_NAME:c99extidentifier)";
            PRODUCT_NAME = "$(TARGET_NAME:c99extidentifier)";
            SKIP_INSTALL = "YES";
            SWIFT_ACTIVE_COMPILATION_CONDITIONS = (
               "$(inherited)"
            );
            SWIFT_VERSION = "5.0";
            TARGET_NAME = "ListModel";
            TVOS_DEPLOYMENT_TARGET = "10.0";
            WATCHOS_DEPLOYMENT_TARGET = "2.0";
         };
         name = "Release";
      };
      "OBJ_107" = {
         isa = "PBXSourcesBuildPhase";
         files = (
            "OBJ_108",
            "OBJ_109",
            "OBJ_110",
            "OBJ_111",
            "OBJ_112",
            "OBJ_113",
            "OBJ_114",
            "OBJ_115",
            "OBJ_116",
            "OBJ_117",
            "OBJ_118",
            "OBJ_119",
            "OBJ_120",
            "OBJ_121",
            "OBJ_122",
            "OBJ_123",
            "OBJ_124",
            "OBJ_125",
            "OBJ_126",
            "OBJ_127",
            "OBJ_128",
            "OBJ_129",
            "OBJ_130",
            "OBJ_131",
            "OBJ_132",
            "OBJ_133",
            "OBJ_134",
            "OBJ_135",
            "OBJ_136",
            "OBJ_137",
            "OBJ_138",
            "OBJ_139",
            "OBJ_140",
            "OBJ_141",
            "OBJ_142",
            "OBJ_143",
            "OBJ_144",
            "OBJ_145",
            "OBJ_146",
            "OBJ_147",
            "OBJ_148",
            "OBJ_149",
            "OBJ_150",
            "OBJ_151",
            "OBJ_152",
            "OBJ_153",
            "OBJ_154",
            "OBJ_155",
            "OBJ_156",
            "OBJ_157",
            "OBJ_158",
            "OBJ_159",
            "OBJ_160",
            "OBJ_161",
            "OBJ_162",
            "OBJ_163",
            "OBJ_164",
            "OBJ_165",
            "OBJ_166",
            "OBJ_167",
            "OBJ_168",
            "OBJ_169",
            "OBJ_170",
            "OBJ_171",
            "OBJ_172",
            "OBJ_173",
            "OBJ_174",
            "OBJ_175"
         );
      };
      "OBJ_108" = {
         isa = "PBXBuildFile";
         fileRef = "OBJ_9";
      };
      "OBJ_109" = {
         isa = "PBXBuildFile";
         fileRef = "OBJ_11";
      };
      "OBJ_11" = {
         isa = "PBXFileReference";
         path = "CollectionViewCell.swift";
         sourceTree = "<group>";
      };
      "OBJ_110" = {
         isa = "PBXBuildFile";
         fileRef = "OBJ_12";
      };
      "OBJ_111" = {
         isa = "PBXBuildFile";
         fileRef = "OBJ_13";
      };
      "OBJ_112" = {
         isa = "PBXBuildFile";
         fileRef = "OBJ_15";
      };
      "OBJ_113" = {
         isa = "PBXBuildFile";
         fileRef = "OBJ_17";
      };
      "OBJ_114" = {
         isa = "PBXBuildFile";
         fileRef = "OBJ_18";
      };
      "OBJ_115" = {
         isa = "PBXBuildFile";
         fileRef = "OBJ_19";
      };
      "OBJ_116" = {
         isa = "PBXBuildFile";
         fileRef = "OBJ_20";
      };
      "OBJ_117" = {
         isa = "PBXBuildFile";
         fileRef = "OBJ_21";
      };
      "OBJ_118" = {
         isa = "PBXBuildFile";
         fileRef = "OBJ_22";
      };
      "OBJ_119" = {
         isa = "PBXBuildFile";
         fileRef = "OBJ_23";
      };
      "OBJ_12" = {
         isa = "PBXFileReference";
         path = "CollectionViewDataSource.swift";
         sourceTree = "<group>";
      };
      "OBJ_120" = {
         isa = "PBXBuildFile";
         fileRef = "OBJ_24";
      };
      "OBJ_121" = {
         isa = "PBXBuildFile";
         fileRef = "OBJ_25";
      };
      "OBJ_122" = {
         isa = "PBXBuildFile";
         fileRef = "OBJ_26";
      };
      "OBJ_123" = {
         isa = "PBXBuildFile";
         fileRef = "OBJ_27";
      };
      "OBJ_124" = {
         isa = "PBXBuildFile";
         fileRef = "OBJ_28";
      };
      "OBJ_125" = {
         isa = "PBXBuildFile";
         fileRef = "OBJ_29";
      };
      "OBJ_126" = {
         isa = "PBXBuildFile";
         fileRef = "OBJ_31";
      };
      "OBJ_127" = {
         isa = "PBXBuildFile";
         fileRef = "OBJ_32";
      };
      "OBJ_128" = {
         isa = "PBXBuildFile";
         fileRef = "OBJ_33";
      };
      "OBJ_129" = {
         isa = "PBXBuildFile";
         fileRef = "OBJ_34";
      };
      "OBJ_13" = {
         isa = "PBXFileReference";
         path = "CollectionViewReusableView.swift";
         sourceTree = "<group>";
      };
      "OBJ_130" = {
         isa = "PBXBuildFile";
         fileRef = "OBJ_35";
      };
      "OBJ_131" = {
         isa = "PBXBuildFile";
         fileRef = "OBJ_36";
      };
      "OBJ_132" = {
         isa = "PBXBuildFile";
         fileRef = "OBJ_40";
      };
      "OBJ_133" = {
         isa = "PBXBuildFile";
         fileRef = "OBJ_41";
      };
      "OBJ_134" = {
         isa = "PBXBuildFile";
         fileRef = "OBJ_42";
      };
      "OBJ_135" = {
         isa = "PBXBuildFile";
         fileRef = "OBJ_43";
      };
      "OBJ_136" = {
         isa = "PBXBuildFile";
         fileRef = "OBJ_44";
      };
      "OBJ_137" = {
         isa = "PBXBuildFile";
         fileRef = "OBJ_45";
      };
      "OBJ_138" = {
         isa = "PBXBuildFile";
         fileRef = "OBJ_46";
      };
      "OBJ_139" = {
         isa = "PBXBuildFile";
         fileRef = "OBJ_47";
      };
      "OBJ_14" = {
         isa = "PBXGroup";
         children = (
            "OBJ_15"
         );
         name = "Layouts";
         path = "Layouts";
         sourceTree = "<group>";
      };
      "OBJ_140" = {
         isa = "PBXBuildFile";
         fileRef = "OBJ_48";
      };
      "OBJ_141" = {
         isa = "PBXBuildFile";
         fileRef = "OBJ_49";
      };
      "OBJ_142" = {
         isa = "PBXBuildFile";
         fileRef = "OBJ_50";
      };
      "OBJ_143" = {
         isa = "PBXBuildFile";
         fileRef = "OBJ_51";
      };
      "OBJ_144" = {
         isa = "PBXBuildFile";
         fileRef = "OBJ_52";
      };
      "OBJ_145" = {
         isa = "PBXBuildFile";
         fileRef = "OBJ_53";
      };
      "OBJ_146" = {
         isa = "PBXBuildFile";
         fileRef = "OBJ_54";
      };
      "OBJ_147" = {
         isa = "PBXBuildFile";
         fileRef = "OBJ_55";
      };
      "OBJ_148" = {
         isa = "PBXBuildFile";
         fileRef = "OBJ_57";
      };
      "OBJ_149" = {
         isa = "PBXBuildFile";
         fileRef = "OBJ_58";
      };
      "OBJ_15" = {
         isa = "PBXFileReference";
         path = "ColumnsRowsLayout.swift";
         sourceTree = "<group>";
      };
      "OBJ_150" = {
         isa = "PBXBuildFile";
         fileRef = "OBJ_59";
      };
      "OBJ_151" = {
         isa = "PBXBuildFile";
         fileRef = "OBJ_61";
      };
      "OBJ_152" = {
         isa = "PBXBuildFile";
         fileRef = "OBJ_62";
      };
      "OBJ_153" = {
         isa = "PBXBuildFile";
         fileRef = "OBJ_63";
      };
      "OBJ_154" = {
         isa = "PBXBuildFile";
         fileRef = "OBJ_64";
      };
      "OBJ_155" = {
         isa = "PBXBuildFile";
         fileRef = "OBJ_65";
      };
      "OBJ_156" = {
         isa = "PBXBuildFile";
         fileRef = "OBJ_66";
      };
      "OBJ_157" = {
         isa = "PBXBuildFile";
         fileRef = "OBJ_67";
      };
      "OBJ_158" = {
         isa = "PBXBuildFile";
         fileRef = "OBJ_68";
      };
      "OBJ_159" = {
         isa = "PBXBuildFile";
         fileRef = "OBJ_69";
      };
      "OBJ_16" = {
         isa = "PBXGroup";
         children = (
            "OBJ_17",
            "OBJ_18",
            "OBJ_19",
            "OBJ_20",
            "OBJ_21",
            "OBJ_22",
            "OBJ_23",
            "OBJ_24",
            "OBJ_25",
            "OBJ_26",
            "OBJ_27",
            "OBJ_28",
            "OBJ_29",
            "OBJ_30"
         );
         name = "Model";
         path = "Model";
         sourceTree = "<group>";
      };
      "OBJ_160" = {
         isa = "PBXBuildFile";
         fileRef = "OBJ_70";
      };
      "OBJ_161" = {
         isa = "PBXBuildFile";
         fileRef = "OBJ_71";
      };
      "OBJ_162" = {
         isa = "PBXBuildFile";
         fileRef = "OBJ_73";
      };
      "OBJ_163" = {
         isa = "PBXBuildFile";
         fileRef = "OBJ_74";
      };
      "OBJ_164" = {
         isa = "PBXBuildFile";
         fileRef = "OBJ_75";
      };
      "OBJ_165" = {
         isa = "PBXBuildFile";
         fileRef = "OBJ_76";
      };
      "OBJ_166" = {
         isa = "PBXBuildFile";
         fileRef = "OBJ_77";
      };
      "OBJ_167" = {
         isa = "PBXBuildFile";
         fileRef = "OBJ_78";
      };
      "OBJ_168" = {
         isa = "PBXBuildFile";
         fileRef = "OBJ_79";
      };
      "OBJ_169" = {
         isa = "PBXBuildFile";
         fileRef = "OBJ_80";
      };
      "OBJ_17" = {
         isa = "PBXFileReference";
         path = "List+Constructors.swift";
         sourceTree = "<group>";
      };
      "OBJ_170" = {
         isa = "PBXBuildFile";
         fileRef = "OBJ_81";
      };
      "OBJ_171" = {
         isa = "PBXBuildFile";
         fileRef = "OBJ_82";
      };
      "OBJ_172" = {
         isa = "PBXBuildFile";
         fileRef = "OBJ_83";
      };
      "OBJ_173" = {
         isa = "PBXBuildFile";
         fileRef = "OBJ_85";
      };
      "OBJ_174" = {
         isa = "PBXBuildFile";
         fileRef = "OBJ_86";
      };
      "OBJ_175" = {
         isa = "PBXBuildFile";
         fileRef = "OBJ_87";
      };
      "OBJ_176" = {
         isa = "PBXFrameworksBuildPhase";
         files = (
         );
      };
      "OBJ_178" = {
         isa = "XCConfigurationList";
         buildConfigurations = (
            "OBJ_179",
            "OBJ_180"
         );
         defaultConfigurationIsVisible = "0";
         defaultConfigurationName = "Release";
      };
      "OBJ_179" = {
         isa = "XCBuildConfiguration";
         buildSettings = {
            LD = "/usr/bin/true";
            OTHER_SWIFT_FLAGS = (
               "-swift-version",
               "5",
               "-I",
               "$(TOOLCHAIN_DIR)/usr/lib/swift/pm/4_2",
               "-target",
               "x86_64-apple-macosx10.10",
               "-sdk",
               "/Applications/Xcode113.app/Contents/Developer/Platforms/MacOSX.platform/Developer/SDKs/MacOSX10.15.sdk",
               "-package-description-version",
               "5.1"
            );
            SWIFT_VERSION = "5.0";
         };
         name = "Debug";
      };
      "OBJ_18" = {
         isa = "PBXFileReference";
         path = "List+Filtrable.swift";
         sourceTree = "<group>";
      };
      "OBJ_180" = {
         isa = "XCBuildConfiguration";
         buildSettings = {
            LD = "/usr/bin/true";
            OTHER_SWIFT_FLAGS = (
               "-swift-version",
               "5",
               "-I",
               "$(TOOLCHAIN_DIR)/usr/lib/swift/pm/4_2",
               "-target",
               "x86_64-apple-macosx10.10",
               "-sdk",
               "/Applications/Xcode113.app/Contents/Developer/Platforms/MacOSX.platform/Developer/SDKs/MacOSX10.15.sdk",
               "-package-description-version",
               "5.1"
            );
            SWIFT_VERSION = "5.0";
         };
         name = "Release";
      };
      "OBJ_181" = {
         isa = "PBXSourcesBuildPhase";
         files = (
            "OBJ_182"
         );
      };
      "OBJ_182" = {
         isa = "PBXBuildFile";
         fileRef = "OBJ_6";
      };
      "OBJ_184" = {
         isa = "XCConfigurationList";
         buildConfigurations = (
            "OBJ_185",
            "OBJ_186"
         );
         defaultConfigurationIsVisible = "0";
         defaultConfigurationName = "Release";
      };
      "OBJ_185" = {
         isa = "XCBuildConfiguration";
         buildSettings = {
         };
         name = "Debug";
      };
      "OBJ_186" = {
         isa = "XCBuildConfiguration";
         buildSettings = {
         };
         name = "Release";
      };
      "OBJ_187" = {
         isa = "PBXTargetDependency";
         target = "ListModel::ListModelTests";
      };
      "OBJ_189" = {
         isa = "XCConfigurationList";
         buildConfigurations = (
            "OBJ_190",
            "OBJ_191"
         );
         defaultConfigurationIsVisible = "0";
         defaultConfigurationName = "Release";
      };
      "OBJ_19" = {
         isa = "PBXFileReference";
         path = "List+Utils.swift";
         sourceTree = "<group>";
      };
      "OBJ_190" = {
         isa = "XCBuildConfiguration";
         buildSettings = {
            CLANG_ENABLE_MODULES = "YES";
            EMBEDDED_CONTENT_CONTAINS_SWIFT = "YES";
            FRAMEWORK_SEARCH_PATHS = (
               "$(inherited)",
               "$(PLATFORM_DIR)/Developer/Library/Frameworks"
            );
            HEADER_SEARCH_PATHS = (
               "$(inherited)"
            );
            INFOPLIST_FILE = "ListModel.xcodeproj/ListModelTests_Info.plist";
            IPHONEOS_DEPLOYMENT_TARGET = "10.0";
            LD_RUNPATH_SEARCH_PATHS = (
               "$(inherited)",
               "@loader_path/../Frameworks",
               "@loader_path/Frameworks"
            );
            MACOSX_DEPLOYMENT_TARGET = "10.10";
            OTHER_CFLAGS = (
               "$(inherited)"
            );
            OTHER_LDFLAGS = (
               "$(inherited)"
            );
            OTHER_SWIFT_FLAGS = (
               "$(inherited)"
            );
            SWIFT_ACTIVE_COMPILATION_CONDITIONS = (
               "$(inherited)"
            );
            SWIFT_VERSION = "5.0";
            TARGET_NAME = "ListModelTests";
            TVOS_DEPLOYMENT_TARGET = "10.0";
            WATCHOS_DEPLOYMENT_TARGET = "2.0";
         };
         name = "Debug";
      };
      "OBJ_191" = {
         isa = "XCBuildConfiguration";
         buildSettings = {
            CLANG_ENABLE_MODULES = "YES";
            EMBEDDED_CONTENT_CONTAINS_SWIFT = "YES";
            FRAMEWORK_SEARCH_PATHS = (
               "$(inherited)",
               "$(PLATFORM_DIR)/Developer/Library/Frameworks"
            );
            HEADER_SEARCH_PATHS = (
               "$(inherited)"
            );
            INFOPLIST_FILE = "ListModel.xcodeproj/ListModelTests_Info.plist";
            IPHONEOS_DEPLOYMENT_TARGET = "10.0";
            LD_RUNPATH_SEARCH_PATHS = (
               "$(inherited)",
               "@loader_path/../Frameworks",
               "@loader_path/Frameworks"
            );
            MACOSX_DEPLOYMENT_TARGET = "10.10";
            OTHER_CFLAGS = (
               "$(inherited)"
            );
            OTHER_LDFLAGS = (
               "$(inherited)"
            );
            OTHER_SWIFT_FLAGS = (
               "$(inherited)"
            );
            SWIFT_ACTIVE_COMPILATION_CONDITIONS = (
               "$(inherited)"
            );
            SWIFT_VERSION = "5.0";
            TARGET_NAME = "ListModelTests";
            TVOS_DEPLOYMENT_TARGET = "10.0";
            WATCHOS_DEPLOYMENT_TARGET = "2.0";
         };
         name = "Release";
      };
      "OBJ_192" = {
         isa = "PBXSourcesBuildPhase";
         files = (
            "OBJ_193",
            "OBJ_194",
            "OBJ_195",
            "OBJ_196",
            "OBJ_197"
         );
      };
      "OBJ_193" = {
         isa = "PBXBuildFile";
         fileRef = "OBJ_90";
      };
      "OBJ_194" = {
         isa = "PBXBuildFile";
         fileRef = "OBJ_91";
      };
      "OBJ_195" = {
         isa = "PBXBuildFile";
         fileRef = "OBJ_92";
      };
      "OBJ_196" = {
         isa = "PBXBuildFile";
         fileRef = "OBJ_93";
      };
      "OBJ_197" = {
         isa = "PBXBuildFile";
         fileRef = "OBJ_94";
      };
      "OBJ_198" = {
         isa = "PBXFrameworksBuildPhase";
         files = (
            "OBJ_199"
         );
      };
      "OBJ_199" = {
         isa = "PBXBuildFile";
         fileRef = "ListModel::ListModel::Product";
      };
      "OBJ_2" = {
         isa = "XCConfigurationList";
         buildConfigurations = (
            "OBJ_3",
            "OBJ_4"
         );
         defaultConfigurationIsVisible = "0";
         defaultConfigurationName = "Release";
      };
      "OBJ_20" = {
         isa = "PBXFileReference";
         path = "List.swift";
         sourceTree = "<group>";
      };
      "OBJ_200" = {
         isa = "PBXTargetDependency";
         target = "ListModel::ListModel";
      };
      "OBJ_21" = {
         isa = "PBXFileReference";
         path = "ListConfiguration.swift";
         sourceTree = "<group>";
      };
      "OBJ_22" = {
         isa = "PBXFileReference";
         path = "ListHeaderFooter+Utils.swift";
         sourceTree = "<group>";
      };
      "OBJ_23" = {
         isa = "PBXFileReference";
         path = "ListHeaderFooter.swift";
         sourceTree = "<group>";
      };
      "OBJ_24" = {
         isa = "PBXFileReference";
         path = "ListItem.swift";
         sourceTree = "<group>";
      };
      "OBJ_25" = {
         isa = "PBXFileReference";
         path = "ListItemAccessoryType.swift";
         sourceTree = "<group>";
      };
      "OBJ_26" = {
         isa = "PBXFileReference";
         path = "ListItemAction.swift";
         sourceTree = "<group>";
      };
      "OBJ_27" = {
         isa = "PBXFileReference";
         path = "ListItemActionStyle.swift";
         sourceTree = "<group>";
      };
      "OBJ_28" = {
         isa = "PBXFileReference";
         path = "ListItemConfiguration.swift";
         sourceTree = "<group>";
      };
      "OBJ_29" = {
         isa = "PBXFileReference";
         path = "ListSection.swift";
         sourceTree = "<group>";
      };
      "OBJ_3" = {
         isa = "XCBuildConfiguration";
         buildSettings = {
            CLANG_ENABLE_OBJC_ARC = "YES";
            COMBINE_HIDPI_IMAGES = "YES";
            COPY_PHASE_STRIP = "NO";
            DEBUG_INFORMATION_FORMAT = "dwarf";
            DYLIB_INSTALL_NAME_BASE = "@rpath";
            ENABLE_NS_ASSERTIONS = "YES";
            GCC_OPTIMIZATION_LEVEL = "0";
            GCC_PREPROCESSOR_DEFINITIONS = (
               "$(inherited)",
               "SWIFT_PACKAGE=1",
               "DEBUG=1"
            );
            MACOSX_DEPLOYMENT_TARGET = "10.10";
            ONLY_ACTIVE_ARCH = "YES";
            OTHER_SWIFT_FLAGS = (
               "$(inherited)",
               "-DXcode"
            );
            PRODUCT_NAME = "$(TARGET_NAME)";
            SDKROOT = "macosx";
            SUPPORTED_PLATFORMS = (
               "macosx",
               "iphoneos",
               "iphonesimulator",
               "appletvos",
               "appletvsimulator",
               "watchos",
               "watchsimulator"
            );
            SWIFT_ACTIVE_COMPILATION_CONDITIONS = (
               "$(inherited)",
               "SWIFT_PACKAGE",
               "DEBUG"
            );
            SWIFT_OPTIMIZATION_LEVEL = "-Onone";
            USE_HEADERMAP = "NO";
         };
         name = "Debug";
      };
      "OBJ_30" = {
         isa = "PBXGroup";
         children = (
            "OBJ_31",
            "OBJ_32"
         );
         name = "Scroll";
         path = "Scroll";
         sourceTree = "<group>";
      };
      "OBJ_31" = {
         isa = "PBXFileReference";
         path = "ListScrollInfo.swift";
         sourceTree = "<group>";
      };
      "OBJ_32" = {
         isa = "PBXFileReference";
         path = "ListScrollPosition.swift";
         sourceTree = "<group>";
      };
      "OBJ_33" = {
         isa = "PBXFileReference";
         path = "DeviceValue.swift";
         sourceTree = "<group>";
      };
      "OBJ_34" = {
         isa = "PBXFileReference";
         path = "EmptyType.swift";
         sourceTree = "<group>";
      };
      "OBJ_35" = {
         isa = "PBXFileReference";
         path = "FlowLayoutDelegate.swift";
         sourceTree = "<group>";
      };
      "OBJ_36" = {
         isa = "PBXFileReference";
         path = "ScrollViewDelegate.swift";
         sourceTree = "<group>";
      };
      "OBJ_37" = {
         isa = "PBXGroup";
         children = (
            "OBJ_38",
            "OBJ_56",
            "OBJ_66",
            "OBJ_67",
            "OBJ_68",
            "OBJ_69",
            "OBJ_70",
            "OBJ_71"
         );
         name = "Table";
         path = "Table";
         sourceTree = "<group>";
      };
      "OBJ_38" = {
         isa = "PBXGroup";
         children = (
            "OBJ_39",
            "OBJ_42",
            "OBJ_43",
            "OBJ_44",
            "OBJ_45",
            "OBJ_46",
            "OBJ_47",
            "OBJ_48",
            "OBJ_49",
            "OBJ_50",
            "OBJ_51",
            "OBJ_52",
            "OBJ_53",
            "OBJ_54",
            "OBJ_55"
         );
         name = "Model";
         path = "Model";
         sourceTree = "<group>";
      };
      "OBJ_39" = {
         isa = "PBXGroup";
         children = (
            "OBJ_40",
            "OBJ_41"
         );
         name = "Scroll";
         path = "Scroll";
         sourceTree = "<group>";
      };
      "OBJ_4" = {
         isa = "XCBuildConfiguration";
         buildSettings = {
            CLANG_ENABLE_OBJC_ARC = "YES";
            COMBINE_HIDPI_IMAGES = "YES";
            COPY_PHASE_STRIP = "YES";
            DEBUG_INFORMATION_FORMAT = "dwarf-with-dsym";
            DYLIB_INSTALL_NAME_BASE = "@rpath";
            GCC_OPTIMIZATION_LEVEL = "s";
            GCC_PREPROCESSOR_DEFINITIONS = (
               "$(inherited)",
               "SWIFT_PACKAGE=1"
            );
            MACOSX_DEPLOYMENT_TARGET = "10.10";
            OTHER_SWIFT_FLAGS = (
               "$(inherited)",
               "-DXcode"
            );
            PRODUCT_NAME = "$(TARGET_NAME)";
            SDKROOT = "macosx";
            SUPPORTED_PLATFORMS = (
               "macosx",
               "iphoneos",
               "iphonesimulator",
               "appletvos",
               "appletvsimulator",
               "watchos",
               "watchsimulator"
            );
            SWIFT_ACTIVE_COMPILATION_CONDITIONS = (
               "$(inherited)",
               "SWIFT_PACKAGE"
            );
            SWIFT_OPTIMIZATION_LEVEL = "-Owholemodule";
            USE_HEADERMAP = "NO";
         };
         name = "Release";
      };
      "OBJ_40" = {
         isa = "PBXFileReference";
         path = "TableScrollInfo.swift";
         sourceTree = "<group>";
      };
      "OBJ_41" = {
         isa = "PBXFileReference";
         path = "TableScrollPosition.swift";
         sourceTree = "<group>";
      };
      "OBJ_42" = {
         isa = "PBXFileReference";
         path = "Table+Constructors.swift";
         sourceTree = "<group>";
      };
      "OBJ_43" = {
         isa = "PBXFileReference";
         path = "Table+Filtrable.swift";
         sourceTree = "<group>";
      };
      "OBJ_44" = {
         isa = "PBXFileReference";
         path = "Table+Utils.swift";
         sourceTree = "<group>";
      };
      "OBJ_45" = {
         isa = "PBXFileReference";
         path = "Table.swift";
         sourceTree = "<group>";
      };
      "OBJ_46" = {
         isa = "PBXFileReference";
         path = "TableConfiguration.swift";
         sourceTree = "<group>";
      };
      "OBJ_47" = {
         isa = "PBXFileReference";
         path = "TableHeaderFooter+Utils.swift";
         sourceTree = "<group>";
      };
      "OBJ_48" = {
         isa = "PBXFileReference";
         path = "TableHeaderFooter.swift";
         sourceTree = "<group>";
      };
      "OBJ_49" = {
         isa = "PBXFileReference";
         path = "TableRow.swift";
         sourceTree = "<group>";
      };
      "OBJ_5" = {
         isa = "PBXGroup";
         children = (
            "OBJ_6",
            "OBJ_7",
            "OBJ_88",
            "OBJ_95",
            "OBJ_98",
            "OBJ_99",
            "OBJ_100",
            "OBJ_101",
            "OBJ_102"
         );
         path = "";
         sourceTree = "<group>";
      };
      "OBJ_50" = {
         isa = "PBXFileReference";
         path = "TableRowAccessoryType.swift";
         sourceTree = "<group>";
      };
      "OBJ_51" = {
         isa = "PBXFileReference";
         path = "TableRowAction.swift";
         sourceTree = "<group>";
      };
      "OBJ_52" = {
         isa = "PBXFileReference";
         path = "TableRowActionStyle.swift";
         sourceTree = "<group>";
      };
      "OBJ_53" = {
         isa = "PBXFileReference";
         path = "TableRowConfiguration.swift";
         sourceTree = "<group>";
      };
      "OBJ_54" = {
         isa = "PBXFileReference";
         path = "TableRowSelectionStyle.swift";
         sourceTree = "<group>";
      };
      "OBJ_55" = {
         isa = "PBXFileReference";
         path = "TableSection.swift";
         sourceTree = "<group>";
      };
      "OBJ_56" = {
         isa = "PBXGroup";
         children = (
            "OBJ_57",
            "OBJ_58",
            "OBJ_59",
            "OBJ_60"
         );
         name = "Search";
         path = "Search";
         sourceTree = "<group>";
      };
      "OBJ_57" = {
         isa = "PBXFileReference";
         path = "SearchView+TableView.swift";
         sourceTree = "<group>";
      };
      "OBJ_58" = {
         isa = "PBXFileReference";
         path = "SearchView+Wireframe.swift";
         sourceTree = "<group>";
      };
      "OBJ_59" = {
         isa = "PBXFileReference";
         path = "SearchView.swift";
         sourceTree = "<group>";
      };
      "OBJ_6" = {
         isa = "PBXFileReference";
         explicitFileType = "sourcecode.swift";
         path = "Package.swift";
         sourceTree = "<group>";
      };
      "OBJ_60" = {
         isa = "PBXGroup";
         children = (
            "OBJ_61",
            "OBJ_62",
            "OBJ_63",
            "OBJ_64",
            "OBJ_65"
         );
         name = "Selection";
         path = "Selection";
         sourceTree = "<group>";
      };
      "OBJ_61" = {
         isa = "PBXFileReference";
         path = "MultipleSelection.swift";
         sourceTree = "<group>";
      };
      "OBJ_62" = {
         isa = "PBXFileReference";
         path = "SelectionProtocol.swift";
         sourceTree = "<group>";
      };
      "OBJ_63" = {
         isa = "PBXFileReference";
         path = "Selector.swift";
         sourceTree = "<group>";
      };
      "OBJ_64" = {
         isa = "PBXFileReference";
         path = "SingleSelection.swift";
         sourceTree = "<group>";
      };
      "OBJ_65" = {
         isa = "PBXFileReference";
         path = "Validations.swift";
         sourceTree = "<group>";
      };
      "OBJ_66" = {
         isa = "PBXFileReference";
         path = "SearchTableViewDataSource.swift";
         sourceTree = "<group>";
      };
      "OBJ_67" = {
         isa = "PBXFileReference";
         path = "TableDataPrefetching.swift";
         sourceTree = "<group>";
      };
      "OBJ_68" = {
         isa = "PBXFileReference";
         path = "TableViewCell.swift";
         sourceTree = "<group>";
      };
      "OBJ_69" = {
         isa = "PBXFileReference";
         path = "TableViewDataSource+Utils.swift";
         sourceTree = "<group>";
      };
      "OBJ_7" = {
         isa = "PBXGroup";
         children = (
            "OBJ_8"
         );
         name = "Sources";
         path = "";
         sourceTree = "SOURCE_ROOT";
      };
      "OBJ_70" = {
         isa = "PBXFileReference";
         path = "TableViewDataSource.swift";
         sourceTree = "<group>";
      };
      "OBJ_71" = {
         isa = "PBXFileReference";
         path = "TableViewDataSourceProtocol.swift";
         sourceTree = "<group>";
      };
      "OBJ_72" = {
         isa = "PBXGroup";
         children = (
            "OBJ_73",
            "OBJ_74",
            "OBJ_75",
            "OBJ_76",
            "OBJ_77",
            "OBJ_78",
            "OBJ_79",
            "OBJ_80",
            "OBJ_81",
            "OBJ_82"
         );
         name = "Utils";
         path = "Utils";
         sourceTree = "<group>";
      };
      "OBJ_73" = {
         isa = "PBXFileReference";
         path = "Array+Utils.swift";
         sourceTree = "<group>";
      };
      "OBJ_74" = {
         isa = "PBXFileReference";
         path = "AssignNotNil.swift";
         sourceTree = "<group>";
      };
      "OBJ_75" = {
         isa = "PBXFileReference";
         path = "Bundle+Utils.swift";
         sourceTree = "<group>";
      };
      "OBJ_76" = {
         isa = "PBXFileReference";
         path = "Collection+Utils.swift";
         sourceTree = "<group>";
      };
      "OBJ_77" = {
         isa = "PBXFileReference";
         path = "ContainerView.swift";
         sourceTree = "<group>";
      };
      "OBJ_78" = {
         isa = "PBXFileReference";
         path = "Functions.swift";
         sourceTree = "<group>";
      };
      "OBJ_79" = {
         isa = "PBXFileReference";
         path = "LayoutUtils.swift";
         sourceTree = "<group>";
      };
      "OBJ_8" = {
         isa = "PBXGroup";
         children = (
            "OBJ_9",
            "OBJ_10",
            "OBJ_33",
            "OBJ_34",
            "OBJ_35",
            "OBJ_36",
            "OBJ_37",
            "OBJ_72",
            "OBJ_83",
            "OBJ_84"
         );
         name = "ListModel";
         path = "Sources/ListModel";
         sourceTree = "SOURCE_ROOT";
      };
      "OBJ_80" = {
         isa = "PBXFileReference";
         path = "UIEdgeInsets+Utils.swift";
         sourceTree = "<group>";
      };
      "OBJ_81" = {
         isa = "PBXFileReference";
         path = "UIImage+Utils.swift";
         sourceTree = "<group>";
      };
      "OBJ_82" = {
         isa = "PBXFileReference";
         path = "UIView+Utils.swift";
         sourceTree = "<group>";
      };
      "OBJ_83" = {
         isa = "PBXFileReference";
         path = "ViewCreationType.swift";
         sourceTree = "<group>";
      };
      "OBJ_84" = {
         isa = "PBXGroup";
         children = (
            "OBJ_85",
            "OBJ_86",
            "OBJ_87"
         );
         name = "ViewModels";
         path = "ViewModels";
         sourceTree = "<group>";
      };
      "OBJ_85" = {
         isa = "PBXFileReference";
         path = "ImageModel.swift";
         sourceTree = "<group>";
      };
      "OBJ_86" = {
         isa = "PBXFileReference";
         path = "LabelModel.swift";
         sourceTree = "<group>";
      };
      "OBJ_87" = {
         isa = "PBXFileReference";
         path = "ViewSizingMode.swift";
         sourceTree = "<group>";
      };
      "OBJ_88" = {
         isa = "PBXGroup";
         children = (
            "OBJ_89"
         );
         name = "Tests";
         path = "";
         sourceTree = "SOURCE_ROOT";
      };
      "OBJ_89" = {
         isa = "PBXGroup";
         children = (
            "OBJ_90",
            "OBJ_91",
            "OBJ_92",
            "OBJ_93",
            "OBJ_94"
         );
         name = "ListModelTests";
         path = "Tests/ListModelTests";
         sourceTree = "SOURCE_ROOT";
      };
      "OBJ_9" = {
         isa = "PBXFileReference";
         path = "Alias.swift";
         sourceTree = "<group>";
      };
      "OBJ_90" = {
         isa = "PBXFileReference";
         path = "ConcurrencyTests.swift";
         sourceTree = "<group>";
      };
      "OBJ_91" = {
         isa = "PBXFileReference";
         path = "ListModelTests.swift";
         sourceTree = "<group>";
      };
      "OBJ_92" = {
         isa = "PBXFileReference";
         path = "TitleView.swift";
         sourceTree = "<group>";
      };
      "OBJ_93" = {
         isa = "PBXFileReference";
         path = "TitleViewModel.swift";
         sourceTree = "<group>";
      };
      "OBJ_94" = {
         isa = "PBXFileReference";
         path = "Utils.swift";
         sourceTree = "<group>";
      };
      "OBJ_95" = {
         isa = "PBXGroup";
         children = (
            "ListModel::ListModel::Product",
            "ListModel::ListModelTests::Product"
         );
         name = "Products";
         path = "";
         sourceTree = "BUILT_PRODUCTS_DIR";
      };
      "OBJ_98" = {
         isa = "PBXFileReference";
         path = "Configs";
         sourceTree = "SOURCE_ROOT";
      };
      "OBJ_99" = {
         isa = "PBXFileReference";
         path = "CODE_OF_CONDUCT.md";
         sourceTree = "<group>";
      };
   };
   rootObject = "OBJ_1";
}
