// !$*UTF8*$!
{
	archiveVersion = 1;
	classes = {
	};
	objectVersion = 46;
	objects = {

/* Begin PBXAggregateTarget section */
		"ListModel::ListModelPackageTests::ProductTarget" /* ListModelPackageTests */ = {
			isa = PBXAggregateTarget;
			buildConfigurationList = OBJ_184 /* Build configuration list for PBXAggregateTarget "ListModelPackageTests" */;
			buildPhases = (
			);
			dependencies = (
				OBJ_187 /* PBXTargetDependency */,
			);
			name = ListModelPackageTests;
			productName = ListModelPackageTests;
		};
/* End PBXAggregateTarget section */

/* Begin PBXBuildFile section */
		AC803E05250B8BAA0082D676 /* TableHeaderFooterView.swift in Sources */ = {isa = PBXBuildFile; fileRef = AC803E04250B8BAA0082D676 /* TableHeaderFooterView.swift */; };
		OBJ_108 /* Alias.swift in Sources */ = {isa = PBXBuildFile; fileRef = OBJ_9 /* Alias.swift */; };
		OBJ_109 /* CollectionViewCell.swift in Sources */ = {isa = PBXBuildFile; fileRef = OBJ_11 /* CollectionViewCell.swift */; };
		OBJ_110 /* CollectionViewDataSource.swift in Sources */ = {isa = PBXBuildFile; fileRef = OBJ_12 /* CollectionViewDataSource.swift */; };
		OBJ_111 /* CollectionViewReusableView.swift in Sources */ = {isa = PBXBuildFile; fileRef = OBJ_13 /* CollectionViewReusableView.swift */; };
		OBJ_112 /* ColumnsRowsLayout.swift in Sources */ = {isa = PBXBuildFile; fileRef = OBJ_15 /* ColumnsRowsLayout.swift */; };
		OBJ_113 /* List+Constructors.swift in Sources */ = {isa = PBXBuildFile; fileRef = OBJ_17 /* List+Constructors.swift */; };
		OBJ_114 /* List+Filtrable.swift in Sources */ = {isa = PBXBuildFile; fileRef = OBJ_18 /* List+Filtrable.swift */; };
		OBJ_115 /* List+Utils.swift in Sources */ = {isa = PBXBuildFile; fileRef = OBJ_19 /* List+Utils.swift */; };
		OBJ_116 /* List.swift in Sources */ = {isa = PBXBuildFile; fileRef = OBJ_20 /* List.swift */; };
		OBJ_117 /* ListConfiguration.swift in Sources */ = {isa = PBXBuildFile; fileRef = OBJ_21 /* ListConfiguration.swift */; };
		OBJ_118 /* ListHeaderFooter+Utils.swift in Sources */ = {isa = PBXBuildFile; fileRef = OBJ_22 /* ListHeaderFooter+Utils.swift */; };
		OBJ_119 /* ListHeaderFooter.swift in Sources */ = {isa = PBXBuildFile; fileRef = OBJ_23 /* ListHeaderFooter.swift */; };
		OBJ_120 /* ListItem.swift in Sources */ = {isa = PBXBuildFile; fileRef = OBJ_24 /* ListItem.swift */; };
		OBJ_121 /* ListItemAccessoryType.swift in Sources */ = {isa = PBXBuildFile; fileRef = OBJ_25 /* ListItemAccessoryType.swift */; };
		OBJ_122 /* ListItemAction.swift in Sources */ = {isa = PBXBuildFile; fileRef = OBJ_26 /* ListItemAction.swift */; };
		OBJ_123 /* ListItemActionStyle.swift in Sources */ = {isa = PBXBuildFile; fileRef = OBJ_27 /* ListItemActionStyle.swift */; };
		OBJ_124 /* ListItemConfiguration.swift in Sources */ = {isa = PBXBuildFile; fileRef = OBJ_28 /* ListItemConfiguration.swift */; };
		OBJ_125 /* ListSection.swift in Sources */ = {isa = PBXBuildFile; fileRef = OBJ_29 /* ListSection.swift */; };
		OBJ_126 /* ListScrollInfo.swift in Sources */ = {isa = PBXBuildFile; fileRef = OBJ_31 /* ListScrollInfo.swift */; };
		OBJ_127 /* ListScrollPosition.swift in Sources */ = {isa = PBXBuildFile; fileRef = OBJ_32 /* ListScrollPosition.swift */; };
		OBJ_128 /* DeviceValue.swift in Sources */ = {isa = PBXBuildFile; fileRef = OBJ_33 /* DeviceValue.swift */; };
		OBJ_129 /* EmptyType.swift in Sources */ = {isa = PBXBuildFile; fileRef = OBJ_34 /* EmptyType.swift */; };
		OBJ_130 /* FlowLayoutDelegate.swift in Sources */ = {isa = PBXBuildFile; fileRef = OBJ_35 /* FlowLayoutDelegate.swift */; };
		OBJ_131 /* ScrollViewDelegate.swift in Sources */ = {isa = PBXBuildFile; fileRef = OBJ_36 /* ScrollViewDelegate.swift */; };
		OBJ_132 /* TableScrollInfo.swift in Sources */ = {isa = PBXBuildFile; fileRef = OBJ_40 /* TableScrollInfo.swift */; };
		OBJ_133 /* TableScrollPosition.swift in Sources */ = {isa = PBXBuildFile; fileRef = OBJ_41 /* TableScrollPosition.swift */; };
		OBJ_134 /* Table+Constructors.swift in Sources */ = {isa = PBXBuildFile; fileRef = OBJ_42 /* Table+Constructors.swift */; };
		OBJ_135 /* Table+Filtrable.swift in Sources */ = {isa = PBXBuildFile; fileRef = OBJ_43 /* Table+Filtrable.swift */; };
		OBJ_136 /* Table+Utils.swift in Sources */ = {isa = PBXBuildFile; fileRef = OBJ_44 /* Table+Utils.swift */; };
		OBJ_137 /* Table.swift in Sources */ = {isa = PBXBuildFile; fileRef = OBJ_45 /* Table.swift */; };
		OBJ_138 /* TableConfiguration.swift in Sources */ = {isa = PBXBuildFile; fileRef = OBJ_46 /* TableConfiguration.swift */; };
		OBJ_139 /* TableHeaderFooter+Utils.swift in Sources */ = {isa = PBXBuildFile; fileRef = OBJ_47 /* TableHeaderFooter+Utils.swift */; };
		OBJ_140 /* TableHeaderFooter.swift in Sources */ = {isa = PBXBuildFile; fileRef = OBJ_48 /* TableHeaderFooter.swift */; };
		OBJ_141 /* TableRow.swift in Sources */ = {isa = PBXBuildFile; fileRef = OBJ_49 /* TableRow.swift */; };
		OBJ_142 /* TableRowAccessoryType.swift in Sources */ = {isa = PBXBuildFile; fileRef = OBJ_50 /* TableRowAccessoryType.swift */; };
		OBJ_143 /* TableRowAction.swift in Sources */ = {isa = PBXBuildFile; fileRef = OBJ_51 /* TableRowAction.swift */; };
		OBJ_144 /* TableRowActionStyle.swift in Sources */ = {isa = PBXBuildFile; fileRef = OBJ_52 /* TableRowActionStyle.swift */; };
		OBJ_145 /* TableRowConfiguration.swift in Sources */ = {isa = PBXBuildFile; fileRef = OBJ_53 /* TableRowConfiguration.swift */; };
		OBJ_146 /* TableRowSelectionStyle.swift in Sources */ = {isa = PBXBuildFile; fileRef = OBJ_54 /* TableRowSelectionStyle.swift */; };
		OBJ_147 /* TableSection.swift in Sources */ = {isa = PBXBuildFile; fileRef = OBJ_55 /* TableSection.swift */; };
		OBJ_148 /* SearchView+TableView.swift in Sources */ = {isa = PBXBuildFile; fileRef = OBJ_57 /* SearchView+TableView.swift */; };
		OBJ_149 /* SearchView+Wireframe.swift in Sources */ = {isa = PBXBuildFile; fileRef = OBJ_58 /* SearchView+Wireframe.swift */; };
		OBJ_150 /* SearchView.swift in Sources */ = {isa = PBXBuildFile; fileRef = OBJ_59 /* SearchView.swift */; };
		OBJ_151 /* MultipleSelection.swift in Sources */ = {isa = PBXBuildFile; fileRef = OBJ_61 /* MultipleSelection.swift */; };
		OBJ_152 /* SelectionProtocol.swift in Sources */ = {isa = PBXBuildFile; fileRef = OBJ_62 /* SelectionProtocol.swift */; };
		OBJ_153 /* Selector.swift in Sources */ = {isa = PBXBuildFile; fileRef = OBJ_63 /* Selector.swift */; };
		OBJ_154 /* SingleSelection.swift in Sources */ = {isa = PBXBuildFile; fileRef = OBJ_64 /* SingleSelection.swift */; };
		OBJ_155 /* Validations.swift in Sources */ = {isa = PBXBuildFile; fileRef = OBJ_65 /* Validations.swift */; };
		OBJ_156 /* SearchTableViewDataSource.swift in Sources */ = {isa = PBXBuildFile; fileRef = OBJ_66 /* SearchTableViewDataSource.swift */; };
		OBJ_157 /* TableDataPrefetching.swift in Sources */ = {isa = PBXBuildFile; fileRef = OBJ_67 /* TableDataPrefetching.swift */; };
		OBJ_158 /* TableViewCell.swift in Sources */ = {isa = PBXBuildFile; fileRef = OBJ_68 /* TableViewCell.swift */; };
		OBJ_159 /* TableViewDataSource+Utils.swift in Sources */ = {isa = PBXBuildFile; fileRef = OBJ_69 /* TableViewDataSource+Utils.swift */; };
		OBJ_160 /* TableViewDataSource.swift in Sources */ = {isa = PBXBuildFile; fileRef = OBJ_70 /* TableViewDataSource.swift */; };
		OBJ_161 /* TableViewDataSourceProtocol.swift in Sources */ = {isa = PBXBuildFile; fileRef = OBJ_71 /* TableViewDataSourceProtocol.swift */; };
		OBJ_162 /* Array+Utils.swift in Sources */ = {isa = PBXBuildFile; fileRef = OBJ_73 /* Array+Utils.swift */; };
		OBJ_163 /* AssignNotNil.swift in Sources */ = {isa = PBXBuildFile; fileRef = OBJ_74 /* AssignNotNil.swift */; };
		OBJ_164 /* Bundle+Utils.swift in Sources */ = {isa = PBXBuildFile; fileRef = OBJ_75 /* Bundle+Utils.swift */; };
		OBJ_165 /* Collection+Utils.swift in Sources */ = {isa = PBXBuildFile; fileRef = OBJ_76 /* Collection+Utils.swift */; };
		OBJ_166 /* ContainerView.swift in Sources */ = {isa = PBXBuildFile; fileRef = OBJ_77 /* ContainerView.swift */; };
		OBJ_167 /* Functions.swift in Sources */ = {isa = PBXBuildFile; fileRef = OBJ_78 /* Functions.swift */; };
		OBJ_168 /* LayoutUtils.swift in Sources */ = {isa = PBXBuildFile; fileRef = OBJ_79 /* LayoutUtils.swift */; };
		OBJ_169 /* UIEdgeInsets+Utils.swift in Sources */ = {isa = PBXBuildFile; fileRef = OBJ_80 /* UIEdgeInsets+Utils.swift */; };
		OBJ_170 /* UIImage+Utils.swift in Sources */ = {isa = PBXBuildFile; fileRef = OBJ_81 /* UIImage+Utils.swift */; };
		OBJ_171 /* UIView+Utils.swift in Sources */ = {isa = PBXBuildFile; fileRef = OBJ_82 /* UIView+Utils.swift */; };
		OBJ_172 /* ViewCreationType.swift in Sources */ = {isa = PBXBuildFile; fileRef = OBJ_83 /* ViewCreationType.swift */; };
		OBJ_173 /* ImageModel.swift in Sources */ = {isa = PBXBuildFile; fileRef = OBJ_85 /* ImageModel.swift */; };
		OBJ_174 /* LabelModel.swift in Sources */ = {isa = PBXBuildFile; fileRef = OBJ_86 /* LabelModel.swift */; };
		OBJ_175 /* ViewSizingMode.swift in Sources */ = {isa = PBXBuildFile; fileRef = OBJ_87 /* ViewSizingMode.swift */; };
		OBJ_182 /* Package.swift in Sources */ = {isa = PBXBuildFile; fileRef = OBJ_6 /* Package.swift */; };
		OBJ_193 /* ConcurrencyTests.swift in Sources */ = {isa = PBXBuildFile; fileRef = OBJ_90 /* ConcurrencyTests.swift */; };
		OBJ_194 /* ListModelTests.swift in Sources */ = {isa = PBXBuildFile; fileRef = OBJ_91 /* ListModelTests.swift */; };
		OBJ_195 /* TitleView.swift in Sources */ = {isa = PBXBuildFile; fileRef = OBJ_92 /* TitleView.swift */; };
		OBJ_196 /* TitleViewModel.swift in Sources */ = {isa = PBXBuildFile; fileRef = OBJ_93 /* TitleViewModel.swift */; };
		OBJ_197 /* Utils.swift in Sources */ = {isa = PBXBuildFile; fileRef = OBJ_94 /* Utils.swift */; };
		OBJ_199 /* ListModel.framework in Frameworks */ = {isa = PBXBuildFile; fileRef = "ListModel::ListModel::Product" /* ListModel.framework */; };
/* End PBXBuildFile section */

/* Begin PBXContainerItemProxy section */
		AC803E02250B89760082D676 /* PBXContainerItemProxy */ = {
			isa = PBXContainerItemProxy;
			containerPortal = OBJ_1 /* Project object */;
			proxyType = 1;
			remoteGlobalIDString = "ListModel::ListModel";
			remoteInfo = ListModel;
		};
		AC803E03250B89770082D676 /* PBXContainerItemProxy */ = {
			isa = PBXContainerItemProxy;
			containerPortal = OBJ_1 /* Project object */;
			proxyType = 1;
			remoteGlobalIDString = "ListModel::ListModelTests";
			remoteInfo = ListModelTests;
		};
/* End PBXContainerItemProxy section */

/* Begin PBXFileReference section */
		AC803E04250B8BAA0082D676 /* TableHeaderFooterView.swift */ = {isa = PBXFileReference; lastKnownFileType = sourcecode.swift; path = TableHeaderFooterView.swift; sourceTree = "<group>"; };
		"ListModel::ListModel::Product" /* ListModel.framework */ = {isa = PBXFileReference; lastKnownFileType = wrapper.framework; path = ListModel.framework; sourceTree = BUILT_PRODUCTS_DIR; };
		"ListModel::ListModelTests::Product" /* ListModelTests.xctest */ = {isa = PBXFileReference; lastKnownFileType = file; path = ListModelTests.xctest; sourceTree = BUILT_PRODUCTS_DIR; };
		OBJ_100 /* LICENSE */ = {isa = PBXFileReference; lastKnownFileType = text; path = LICENSE; sourceTree = "<group>"; };
		OBJ_101 /* ListModel.podspec */ = {isa = PBXFileReference; lastKnownFileType = text; path = ListModel.podspec; sourceTree = "<group>"; };
		OBJ_102 /* README.md */ = {isa = PBXFileReference; lastKnownFileType = net.daringfireball.markdown; path = README.md; sourceTree = "<group>"; };
		OBJ_11 /* CollectionViewCell.swift */ = {isa = PBXFileReference; lastKnownFileType = sourcecode.swift; path = CollectionViewCell.swift; sourceTree = "<group>"; };
		OBJ_12 /* CollectionViewDataSource.swift */ = {isa = PBXFileReference; lastKnownFileType = sourcecode.swift; path = CollectionViewDataSource.swift; sourceTree = "<group>"; };
		OBJ_13 /* CollectionViewReusableView.swift */ = {isa = PBXFileReference; lastKnownFileType = sourcecode.swift; path = CollectionViewReusableView.swift; sourceTree = "<group>"; };
		OBJ_15 /* ColumnsRowsLayout.swift */ = {isa = PBXFileReference; lastKnownFileType = sourcecode.swift; path = ColumnsRowsLayout.swift; sourceTree = "<group>"; };
		OBJ_17 /* List+Constructors.swift */ = {isa = PBXFileReference; lastKnownFileType = sourcecode.swift; path = "List+Constructors.swift"; sourceTree = "<group>"; };
		OBJ_18 /* List+Filtrable.swift */ = {isa = PBXFileReference; lastKnownFileType = sourcecode.swift; path = "List+Filtrable.swift"; sourceTree = "<group>"; };
		OBJ_19 /* List+Utils.swift */ = {isa = PBXFileReference; lastKnownFileType = sourcecode.swift; path = "List+Utils.swift"; sourceTree = "<group>"; };
		OBJ_20 /* List.swift */ = {isa = PBXFileReference; lastKnownFileType = sourcecode.swift; path = List.swift; sourceTree = "<group>"; };
		OBJ_21 /* ListConfiguration.swift */ = {isa = PBXFileReference; lastKnownFileType = sourcecode.swift; path = ListConfiguration.swift; sourceTree = "<group>"; };
		OBJ_22 /* ListHeaderFooter+Utils.swift */ = {isa = PBXFileReference; lastKnownFileType = sourcecode.swift; path = "ListHeaderFooter+Utils.swift"; sourceTree = "<group>"; };
		OBJ_23 /* ListHeaderFooter.swift */ = {isa = PBXFileReference; lastKnownFileType = sourcecode.swift; path = ListHeaderFooter.swift; sourceTree = "<group>"; };
		OBJ_24 /* ListItem.swift */ = {isa = PBXFileReference; lastKnownFileType = sourcecode.swift; path = ListItem.swift; sourceTree = "<group>"; };
		OBJ_25 /* ListItemAccessoryType.swift */ = {isa = PBXFileReference; lastKnownFileType = sourcecode.swift; path = ListItemAccessoryType.swift; sourceTree = "<group>"; };
		OBJ_26 /* ListItemAction.swift */ = {isa = PBXFileReference; lastKnownFileType = sourcecode.swift; path = ListItemAction.swift; sourceTree = "<group>"; };
		OBJ_27 /* ListItemActionStyle.swift */ = {isa = PBXFileReference; lastKnownFileType = sourcecode.swift; path = ListItemActionStyle.swift; sourceTree = "<group>"; };
		OBJ_28 /* ListItemConfiguration.swift */ = {isa = PBXFileReference; lastKnownFileType = sourcecode.swift; path = ListItemConfiguration.swift; sourceTree = "<group>"; };
		OBJ_29 /* ListSection.swift */ = {isa = PBXFileReference; lastKnownFileType = sourcecode.swift; path = ListSection.swift; sourceTree = "<group>"; };
		OBJ_31 /* ListScrollInfo.swift */ = {isa = PBXFileReference; lastKnownFileType = sourcecode.swift; path = ListScrollInfo.swift; sourceTree = "<group>"; };
		OBJ_32 /* ListScrollPosition.swift */ = {isa = PBXFileReference; lastKnownFileType = sourcecode.swift; path = ListScrollPosition.swift; sourceTree = "<group>"; };
		OBJ_33 /* DeviceValue.swift */ = {isa = PBXFileReference; lastKnownFileType = sourcecode.swift; path = DeviceValue.swift; sourceTree = "<group>"; };
		OBJ_34 /* EmptyType.swift */ = {isa = PBXFileReference; lastKnownFileType = sourcecode.swift; path = EmptyType.swift; sourceTree = "<group>"; };
		OBJ_35 /* FlowLayoutDelegate.swift */ = {isa = PBXFileReference; lastKnownFileType = sourcecode.swift; path = FlowLayoutDelegate.swift; sourceTree = "<group>"; };
		OBJ_36 /* ScrollViewDelegate.swift */ = {isa = PBXFileReference; lastKnownFileType = sourcecode.swift; path = ScrollViewDelegate.swift; sourceTree = "<group>"; };
		OBJ_40 /* TableScrollInfo.swift */ = {isa = PBXFileReference; lastKnownFileType = sourcecode.swift; path = TableScrollInfo.swift; sourceTree = "<group>"; };
		OBJ_41 /* TableScrollPosition.swift */ = {isa = PBXFileReference; lastKnownFileType = sourcecode.swift; path = TableScrollPosition.swift; sourceTree = "<group>"; };
		OBJ_42 /* Table+Constructors.swift */ = {isa = PBXFileReference; lastKnownFileType = sourcecode.swift; path = "Table+Constructors.swift"; sourceTree = "<group>"; };
		OBJ_43 /* Table+Filtrable.swift */ = {isa = PBXFileReference; lastKnownFileType = sourcecode.swift; path = "Table+Filtrable.swift"; sourceTree = "<group>"; };
		OBJ_44 /* Table+Utils.swift */ = {isa = PBXFileReference; lastKnownFileType = sourcecode.swift; path = "Table+Utils.swift"; sourceTree = "<group>"; };
		OBJ_45 /* Table.swift */ = {isa = PBXFileReference; lastKnownFileType = sourcecode.swift; path = Table.swift; sourceTree = "<group>"; };
		OBJ_46 /* TableConfiguration.swift */ = {isa = PBXFileReference; lastKnownFileType = sourcecode.swift; path = TableConfiguration.swift; sourceTree = "<group>"; };
		OBJ_47 /* TableHeaderFooter+Utils.swift */ = {isa = PBXFileReference; lastKnownFileType = sourcecode.swift; path = "TableHeaderFooter+Utils.swift"; sourceTree = "<group>"; };
		OBJ_48 /* TableHeaderFooter.swift */ = {isa = PBXFileReference; lastKnownFileType = sourcecode.swift; path = TableHeaderFooter.swift; sourceTree = "<group>"; };
		OBJ_49 /* TableRow.swift */ = {isa = PBXFileReference; lastKnownFileType = sourcecode.swift; path = TableRow.swift; sourceTree = "<group>"; };
		OBJ_50 /* TableRowAccessoryType.swift */ = {isa = PBXFileReference; lastKnownFileType = sourcecode.swift; path = TableRowAccessoryType.swift; sourceTree = "<group>"; };
		OBJ_51 /* TableRowAction.swift */ = {isa = PBXFileReference; lastKnownFileType = sourcecode.swift; path = TableRowAction.swift; sourceTree = "<group>"; };
		OBJ_52 /* TableRowActionStyle.swift */ = {isa = PBXFileReference; lastKnownFileType = sourcecode.swift; path = TableRowActionStyle.swift; sourceTree = "<group>"; };
		OBJ_53 /* TableRowConfiguration.swift */ = {isa = PBXFileReference; lastKnownFileType = sourcecode.swift; path = TableRowConfiguration.swift; sourceTree = "<group>"; };
		OBJ_54 /* TableRowSelectionStyle.swift */ = {isa = PBXFileReference; lastKnownFileType = sourcecode.swift; path = TableRowSelectionStyle.swift; sourceTree = "<group>"; };
		OBJ_55 /* TableSection.swift */ = {isa = PBXFileReference; lastKnownFileType = sourcecode.swift; path = TableSection.swift; sourceTree = "<group>"; };
		OBJ_57 /* SearchView+TableView.swift */ = {isa = PBXFileReference; lastKnownFileType = sourcecode.swift; path = "SearchView+TableView.swift"; sourceTree = "<group>"; };
		OBJ_58 /* SearchView+Wireframe.swift */ = {isa = PBXFileReference; lastKnownFileType = sourcecode.swift; path = "SearchView+Wireframe.swift"; sourceTree = "<group>"; };
		OBJ_59 /* SearchView.swift */ = {isa = PBXFileReference; lastKnownFileType = sourcecode.swift; path = SearchView.swift; sourceTree = "<group>"; };
		OBJ_6 /* Package.swift */ = {isa = PBXFileReference; explicitFileType = sourcecode.swift; path = Package.swift; sourceTree = "<group>"; };
		OBJ_61 /* MultipleSelection.swift */ = {isa = PBXFileReference; lastKnownFileType = sourcecode.swift; path = MultipleSelection.swift; sourceTree = "<group>"; };
		OBJ_62 /* SelectionProtocol.swift */ = {isa = PBXFileReference; lastKnownFileType = sourcecode.swift; path = SelectionProtocol.swift; sourceTree = "<group>"; };
		OBJ_63 /* Selector.swift */ = {isa = PBXFileReference; lastKnownFileType = sourcecode.swift; path = Selector.swift; sourceTree = "<group>"; };
		OBJ_64 /* SingleSelection.swift */ = {isa = PBXFileReference; lastKnownFileType = sourcecode.swift; path = SingleSelection.swift; sourceTree = "<group>"; };
		OBJ_65 /* Validations.swift */ = {isa = PBXFileReference; lastKnownFileType = sourcecode.swift; path = Validations.swift; sourceTree = "<group>"; };
		OBJ_66 /* SearchTableViewDataSource.swift */ = {isa = PBXFileReference; lastKnownFileType = sourcecode.swift; path = SearchTableViewDataSource.swift; sourceTree = "<group>"; };
		OBJ_67 /* TableDataPrefetching.swift */ = {isa = PBXFileReference; lastKnownFileType = sourcecode.swift; path = TableDataPrefetching.swift; sourceTree = "<group>"; };
		OBJ_68 /* TableViewCell.swift */ = {isa = PBXFileReference; lastKnownFileType = sourcecode.swift; path = TableViewCell.swift; sourceTree = "<group>"; };
		OBJ_69 /* TableViewDataSource+Utils.swift */ = {isa = PBXFileReference; lastKnownFileType = sourcecode.swift; path = "TableViewDataSource+Utils.swift"; sourceTree = "<group>"; };
		OBJ_70 /* TableViewDataSource.swift */ = {isa = PBXFileReference; lastKnownFileType = sourcecode.swift; path = TableViewDataSource.swift; sourceTree = "<group>"; };
		OBJ_71 /* TableViewDataSourceProtocol.swift */ = {isa = PBXFileReference; lastKnownFileType = sourcecode.swift; path = TableViewDataSourceProtocol.swift; sourceTree = "<group>"; };
		OBJ_73 /* Array+Utils.swift */ = {isa = PBXFileReference; lastKnownFileType = sourcecode.swift; path = "Array+Utils.swift"; sourceTree = "<group>"; };
		OBJ_74 /* AssignNotNil.swift */ = {isa = PBXFileReference; lastKnownFileType = sourcecode.swift; path = AssignNotNil.swift; sourceTree = "<group>"; };
		OBJ_75 /* Bundle+Utils.swift */ = {isa = PBXFileReference; lastKnownFileType = sourcecode.swift; path = "Bundle+Utils.swift"; sourceTree = "<group>"; };
		OBJ_76 /* Collection+Utils.swift */ = {isa = PBXFileReference; lastKnownFileType = sourcecode.swift; path = "Collection+Utils.swift"; sourceTree = "<group>"; };
		OBJ_77 /* ContainerView.swift */ = {isa = PBXFileReference; lastKnownFileType = sourcecode.swift; path = ContainerView.swift; sourceTree = "<group>"; };
		OBJ_78 /* Functions.swift */ = {isa = PBXFileReference; lastKnownFileType = sourcecode.swift; path = Functions.swift; sourceTree = "<group>"; };
		OBJ_79 /* LayoutUtils.swift */ = {isa = PBXFileReference; lastKnownFileType = sourcecode.swift; path = LayoutUtils.swift; sourceTree = "<group>"; };
		OBJ_80 /* UIEdgeInsets+Utils.swift */ = {isa = PBXFileReference; lastKnownFileType = sourcecode.swift; path = "UIEdgeInsets+Utils.swift"; sourceTree = "<group>"; };
		OBJ_81 /* UIImage+Utils.swift */ = {isa = PBXFileReference; lastKnownFileType = sourcecode.swift; path = "UIImage+Utils.swift"; sourceTree = "<group>"; };
		OBJ_82 /* UIView+Utils.swift */ = {isa = PBXFileReference; lastKnownFileType = sourcecode.swift; path = "UIView+Utils.swift"; sourceTree = "<group>"; };
		OBJ_83 /* ViewCreationType.swift */ = {isa = PBXFileReference; lastKnownFileType = sourcecode.swift; path = ViewCreationType.swift; sourceTree = "<group>"; };
		OBJ_85 /* ImageModel.swift */ = {isa = PBXFileReference; lastKnownFileType = sourcecode.swift; path = ImageModel.swift; sourceTree = "<group>"; };
		OBJ_86 /* LabelModel.swift */ = {isa = PBXFileReference; lastKnownFileType = sourcecode.swift; path = LabelModel.swift; sourceTree = "<group>"; };
		OBJ_87 /* ViewSizingMode.swift */ = {isa = PBXFileReference; lastKnownFileType = sourcecode.swift; path = ViewSizingMode.swift; sourceTree = "<group>"; };
		OBJ_9 /* Alias.swift */ = {isa = PBXFileReference; lastKnownFileType = sourcecode.swift; path = Alias.swift; sourceTree = "<group>"; };
		OBJ_90 /* ConcurrencyTests.swift */ = {isa = PBXFileReference; lastKnownFileType = sourcecode.swift; path = ConcurrencyTests.swift; sourceTree = "<group>"; };
		OBJ_91 /* ListModelTests.swift */ = {isa = PBXFileReference; lastKnownFileType = sourcecode.swift; path = ListModelTests.swift; sourceTree = "<group>"; };
		OBJ_92 /* TitleView.swift */ = {isa = PBXFileReference; lastKnownFileType = sourcecode.swift; path = TitleView.swift; sourceTree = "<group>"; };
		OBJ_93 /* TitleViewModel.swift */ = {isa = PBXFileReference; lastKnownFileType = sourcecode.swift; path = TitleViewModel.swift; sourceTree = "<group>"; };
		OBJ_94 /* Utils.swift */ = {isa = PBXFileReference; lastKnownFileType = sourcecode.swift; path = Utils.swift; sourceTree = "<group>"; };
		OBJ_98 /* Configs */ = {isa = PBXFileReference; lastKnownFileType = folder; path = Configs; sourceTree = SOURCE_ROOT; };
		OBJ_99 /* CODE_OF_CONDUCT.md */ = {isa = PBXFileReference; lastKnownFileType = net.daringfireball.markdown; path = CODE_OF_CONDUCT.md; sourceTree = "<group>"; };
/* End PBXFileReference section */

/* Begin PBXFrameworksBuildPhase section */
		OBJ_176 /* Frameworks */ = {
			isa = PBXFrameworksBuildPhase;
			buildActionMask = 0;
			files = (
			);
			runOnlyForDeploymentPostprocessing = 0;
		};
		OBJ_198 /* Frameworks */ = {
			isa = PBXFrameworksBuildPhase;
			buildActionMask = 0;
			files = (
				OBJ_199 /* ListModel.framework in Frameworks */,
			);
			runOnlyForDeploymentPostprocessing = 0;
		};
/* End PBXFrameworksBuildPhase section */

/* Begin PBXGroup section */
		OBJ_10 /* Collection */ = {
			isa = PBXGroup;
			children = (
				OBJ_11 /* CollectionViewCell.swift */,
				OBJ_12 /* CollectionViewDataSource.swift */,
				OBJ_13 /* CollectionViewReusableView.swift */,
				OBJ_14 /* Layouts */,
				OBJ_16 /* Model */,
			);
			path = Collection;
			sourceTree = "<group>";
		};
		OBJ_14 /* Layouts */ = {
			isa = PBXGroup;
			children = (
				OBJ_15 /* ColumnsRowsLayout.swift */,
			);
			path = Layouts;
			sourceTree = "<group>";
		};
		OBJ_16 /* Model */ = {
			isa = PBXGroup;
			children = (
				OBJ_17 /* List+Constructors.swift */,
				OBJ_18 /* List+Filtrable.swift */,
				OBJ_19 /* List+Utils.swift */,
				OBJ_20 /* List.swift */,
				OBJ_21 /* ListConfiguration.swift */,
				OBJ_22 /* ListHeaderFooter+Utils.swift */,
				OBJ_23 /* ListHeaderFooter.swift */,
				OBJ_24 /* ListItem.swift */,
				OBJ_25 /* ListItemAccessoryType.swift */,
				OBJ_26 /* ListItemAction.swift */,
				OBJ_27 /* ListItemActionStyle.swift */,
				OBJ_28 /* ListItemConfiguration.swift */,
				OBJ_29 /* ListSection.swift */,
				OBJ_30 /* Scroll */,
			);
			path = Model;
			sourceTree = "<group>";
		};
		OBJ_30 /* Scroll */ = {
			isa = PBXGroup;
			children = (
				OBJ_31 /* ListScrollInfo.swift */,
				OBJ_32 /* ListScrollPosition.swift */,
			);
			path = Scroll;
			sourceTree = "<group>";
		};
		OBJ_37 /* Table */ = {
			isa = PBXGroup;
			children = (
				OBJ_38 /* Model */,
				OBJ_56 /* Search */,
				OBJ_66 /* SearchTableViewDataSource.swift */,
				OBJ_67 /* TableDataPrefetching.swift */,
				OBJ_68 /* TableViewCell.swift */,
				AC803E04250B8BAA0082D676 /* TableHeaderFooterView.swift */,
				OBJ_69 /* TableViewDataSource+Utils.swift */,
				OBJ_70 /* TableViewDataSource.swift */,
				OBJ_71 /* TableViewDataSourceProtocol.swift */,
			);
			path = Table;
			sourceTree = "<group>";
		};
		OBJ_38 /* Model */ = {
			isa = PBXGroup;
			children = (
				OBJ_39 /* Scroll */,
				OBJ_42 /* Table+Constructors.swift */,
				OBJ_43 /* Table+Filtrable.swift */,
				OBJ_44 /* Table+Utils.swift */,
				OBJ_45 /* Table.swift */,
				OBJ_46 /* TableConfiguration.swift */,
				OBJ_47 /* TableHeaderFooter+Utils.swift */,
				OBJ_48 /* TableHeaderFooter.swift */,
				OBJ_49 /* TableRow.swift */,
				OBJ_50 /* TableRowAccessoryType.swift */,
				OBJ_51 /* TableRowAction.swift */,
				OBJ_52 /* TableRowActionStyle.swift */,
				OBJ_53 /* TableRowConfiguration.swift */,
				OBJ_54 /* TableRowSelectionStyle.swift */,
				OBJ_55 /* TableSection.swift */,
			);
			path = Model;
			sourceTree = "<group>";
		};
		OBJ_39 /* Scroll */ = {
			isa = PBXGroup;
			children = (
				OBJ_40 /* TableScrollInfo.swift */,
				OBJ_41 /* TableScrollPosition.swift */,
			);
			path = Scroll;
			sourceTree = "<group>";
		};
		OBJ_5 /*  */ = {
			isa = PBXGroup;
			children = (
				OBJ_6 /* Package.swift */,
				OBJ_7 /* Sources */,
				OBJ_88 /* Tests */,
				OBJ_95 /* Products */,
				OBJ_98 /* Configs */,
				OBJ_99 /* CODE_OF_CONDUCT.md */,
				OBJ_100 /* LICENSE */,
				OBJ_101 /* ListModel.podspec */,
				OBJ_102 /* README.md */,
			);
			name = "";
			sourceTree = "<group>";
		};
		OBJ_56 /* Search */ = {
			isa = PBXGroup;
			children = (
				OBJ_57 /* SearchView+TableView.swift */,
				OBJ_58 /* SearchView+Wireframe.swift */,
				OBJ_59 /* SearchView.swift */,
				OBJ_60 /* Selection */,
			);
			path = Search;
			sourceTree = "<group>";
		};
		OBJ_60 /* Selection */ = {
			isa = PBXGroup;
			children = (
				OBJ_61 /* MultipleSelection.swift */,
				OBJ_62 /* SelectionProtocol.swift */,
				OBJ_63 /* Selector.swift */,
				OBJ_64 /* SingleSelection.swift */,
				OBJ_65 /* Validations.swift */,
			);
			path = Selection;
			sourceTree = "<group>";
		};
		OBJ_7 /* Sources */ = {
			isa = PBXGroup;
			children = (
				OBJ_8 /* ListModel */,
			);
			name = Sources;
			sourceTree = SOURCE_ROOT;
		};
		OBJ_72 /* Utils */ = {
			isa = PBXGroup;
			children = (
				OBJ_73 /* Array+Utils.swift */,
				OBJ_74 /* AssignNotNil.swift */,
				OBJ_75 /* Bundle+Utils.swift */,
				OBJ_76 /* Collection+Utils.swift */,
				OBJ_77 /* ContainerView.swift */,
				OBJ_78 /* Functions.swift */,
				OBJ_79 /* LayoutUtils.swift */,
				OBJ_80 /* UIEdgeInsets+Utils.swift */,
				OBJ_81 /* UIImage+Utils.swift */,
				OBJ_82 /* UIView+Utils.swift */,
			);
			path = Utils;
			sourceTree = "<group>";
		};
		OBJ_8 /* ListModel */ = {
			isa = PBXGroup;
			children = (
				OBJ_9 /* Alias.swift */,
				OBJ_10 /* Collection */,
				OBJ_33 /* DeviceValue.swift */,
				OBJ_34 /* EmptyType.swift */,
				OBJ_35 /* FlowLayoutDelegate.swift */,
				OBJ_36 /* ScrollViewDelegate.swift */,
				OBJ_37 /* Table */,
				OBJ_72 /* Utils */,
				OBJ_83 /* ViewCreationType.swift */,
				OBJ_84 /* ViewModels */,
			);
			name = ListModel;
			path = Sources/ListModel;
			sourceTree = SOURCE_ROOT;
		};
		OBJ_84 /* ViewModels */ = {
			isa = PBXGroup;
			children = (
				OBJ_85 /* ImageModel.swift */,
				OBJ_86 /* LabelModel.swift */,
				OBJ_87 /* ViewSizingMode.swift */,
			);
			path = ViewModels;
			sourceTree = "<group>";
		};
		OBJ_88 /* Tests */ = {
			isa = PBXGroup;
			children = (
				OBJ_89 /* ListModelTests */,
			);
			name = Tests;
			sourceTree = SOURCE_ROOT;
		};
		OBJ_89 /* ListModelTests */ = {
			isa = PBXGroup;
			children = (
				OBJ_90 /* ConcurrencyTests.swift */,
				OBJ_91 /* ListModelTests.swift */,
				OBJ_92 /* TitleView.swift */,
				OBJ_93 /* TitleViewModel.swift */,
				OBJ_94 /* Utils.swift */,
			);
			name = ListModelTests;
			path = Tests/ListModelTests;
			sourceTree = SOURCE_ROOT;
		};
		OBJ_95 /* Products */ = {
			isa = PBXGroup;
			children = (
				"ListModel::ListModel::Product" /* ListModel.framework */,
				"ListModel::ListModelTests::Product" /* ListModelTests.xctest */,
			);
			name = Products;
			sourceTree = BUILT_PRODUCTS_DIR;
		};
/* End PBXGroup section */

/* Begin PBXNativeTarget section */
		"ListModel::ListModel" /* ListModel */ = {
			isa = PBXNativeTarget;
			buildConfigurationList = OBJ_104 /* Build configuration list for PBXNativeTarget "ListModel" */;
			buildPhases = (
				OBJ_107 /* Sources */,
				OBJ_176 /* Frameworks */,
			);
			buildRules = (
			);
			dependencies = (
			);
			name = ListModel;
			productName = ListModel;
			productReference = "ListModel::ListModel::Product" /* ListModel.framework */;
			productType = "com.apple.product-type.framework";
		};
		"ListModel::ListModelTests" /* ListModelTests */ = {
			isa = PBXNativeTarget;
			buildConfigurationList = OBJ_189 /* Build configuration list for PBXNativeTarget "ListModelTests" */;
			buildPhases = (
				OBJ_192 /* Sources */,
				OBJ_198 /* Frameworks */,
			);
			buildRules = (
			);
			dependencies = (
				OBJ_200 /* PBXTargetDependency */,
			);
			name = ListModelTests;
			productName = ListModelTests;
			productReference = "ListModel::ListModelTests::Product" /* ListModelTests.xctest */;
			productType = "com.apple.product-type.bundle.unit-test";
		};
		"ListModel::SwiftPMPackageDescription" /* ListModelPackageDescription */ = {
			isa = PBXNativeTarget;
			buildConfigurationList = OBJ_178 /* Build configuration list for PBXNativeTarget "ListModelPackageDescription" */;
			buildPhases = (
				OBJ_181 /* Sources */,
			);
			buildRules = (
			);
			dependencies = (
			);
			name = ListModelPackageDescription;
			productName = ListModelPackageDescription;
			productType = "com.apple.product-type.framework";
		};
/* End PBXNativeTarget section */

/* Begin PBXProject section */
		OBJ_1 /* Project object */ = {
			isa = PBXProject;
			attributes = {
				LastSwiftMigration = 9999;
				LastUpgradeCheck = 9999;
			};
			buildConfigurationList = OBJ_2 /* Build configuration list for PBXProject "ListModel" */;
			compatibilityVersion = "Xcode 3.2";
			developmentRegion = en;
			hasScannedForEncodings = 0;
			knownRegions = (
				en,
			);
			mainGroup = OBJ_5 /*  */;
			productRefGroup = OBJ_95 /* Products */;
			projectDirPath = "";
			projectRoot = "";
			targets = (
				"ListModel::ListModel" /* ListModel */,
				"ListModel::SwiftPMPackageDescription" /* ListModelPackageDescription */,
				"ListModel::ListModelPackageTests::ProductTarget" /* ListModelPackageTests */,
				"ListModel::ListModelTests" /* ListModelTests */,
			);
		};
/* End PBXProject section */

/* Begin PBXSourcesBuildPhase section */
		OBJ_107 /* Sources */ = {
			isa = PBXSourcesBuildPhase;
			buildActionMask = 0;
			files = (
				OBJ_108 /* Alias.swift in Sources */,
				OBJ_109 /* CollectionViewCell.swift in Sources */,
				OBJ_110 /* CollectionViewDataSource.swift in Sources */,
				OBJ_111 /* CollectionViewReusableView.swift in Sources */,
				OBJ_112 /* ColumnsRowsLayout.swift in Sources */,
				OBJ_113 /* List+Constructors.swift in Sources */,
				OBJ_114 /* List+Filtrable.swift in Sources */,
				OBJ_115 /* List+Utils.swift in Sources */,
				OBJ_116 /* List.swift in Sources */,
				OBJ_117 /* ListConfiguration.swift in Sources */,
				OBJ_118 /* ListHeaderFooter+Utils.swift in Sources */,
				OBJ_119 /* ListHeaderFooter.swift in Sources */,
				OBJ_120 /* ListItem.swift in Sources */,
				OBJ_121 /* ListItemAccessoryType.swift in Sources */,
				OBJ_122 /* ListItemAction.swift in Sources */,
				OBJ_123 /* ListItemActionStyle.swift in Sources */,
				OBJ_124 /* ListItemConfiguration.swift in Sources */,
				OBJ_125 /* ListSection.swift in Sources */,
				OBJ_126 /* ListScrollInfo.swift in Sources */,
				OBJ_127 /* ListScrollPosition.swift in Sources */,
				OBJ_128 /* DeviceValue.swift in Sources */,
				OBJ_129 /* EmptyType.swift in Sources */,
				OBJ_130 /* FlowLayoutDelegate.swift in Sources */,
				OBJ_131 /* ScrollViewDelegate.swift in Sources */,
				OBJ_132 /* TableScrollInfo.swift in Sources */,
				OBJ_133 /* TableScrollPosition.swift in Sources */,
				OBJ_134 /* Table+Constructors.swift in Sources */,
				OBJ_135 /* Table+Filtrable.swift in Sources */,
				OBJ_136 /* Table+Utils.swift in Sources */,
				OBJ_137 /* Table.swift in Sources */,
				OBJ_138 /* TableConfiguration.swift in Sources */,
				OBJ_139 /* TableHeaderFooter+Utils.swift in Sources */,
				OBJ_140 /* TableHeaderFooter.swift in Sources */,
				OBJ_141 /* TableRow.swift in Sources */,
				OBJ_142 /* TableRowAccessoryType.swift in Sources */,
				OBJ_143 /* TableRowAction.swift in Sources */,
				OBJ_144 /* TableRowActionStyle.swift in Sources */,
				OBJ_145 /* TableRowConfiguration.swift in Sources */,
				OBJ_146 /* TableRowSelectionStyle.swift in Sources */,
				OBJ_147 /* TableSection.swift in Sources */,
				OBJ_148 /* SearchView+TableView.swift in Sources */,
				OBJ_149 /* SearchView+Wireframe.swift in Sources */,
				OBJ_150 /* SearchView.swift in Sources */,
				OBJ_151 /* MultipleSelection.swift in Sources */,
				OBJ_152 /* SelectionProtocol.swift in Sources */,
				OBJ_153 /* Selector.swift in Sources */,
				OBJ_154 /* SingleSelection.swift in Sources */,
				AC803E05250B8BAA0082D676 /* TableHeaderFooterView.swift in Sources */,
				OBJ_155 /* Validations.swift in Sources */,
				OBJ_156 /* SearchTableViewDataSource.swift in Sources */,
				OBJ_157 /* TableDataPrefetching.swift in Sources */,
				OBJ_158 /* TableViewCell.swift in Sources */,
				OBJ_159 /* TableViewDataSource+Utils.swift in Sources */,
				OBJ_160 /* TableViewDataSource.swift in Sources */,
				OBJ_161 /* TableViewDataSourceProtocol.swift in Sources */,
				OBJ_162 /* Array+Utils.swift in Sources */,
				OBJ_163 /* AssignNotNil.swift in Sources */,
				OBJ_164 /* Bundle+Utils.swift in Sources */,
				OBJ_165 /* Collection+Utils.swift in Sources */,
				OBJ_166 /* ContainerView.swift in Sources */,
				OBJ_167 /* Functions.swift in Sources */,
				OBJ_168 /* LayoutUtils.swift in Sources */,
				OBJ_169 /* UIEdgeInsets+Utils.swift in Sources */,
				OBJ_170 /* UIImage+Utils.swift in Sources */,
				OBJ_171 /* UIView+Utils.swift in Sources */,
				OBJ_172 /* ViewCreationType.swift in Sources */,
				OBJ_173 /* ImageModel.swift in Sources */,
				OBJ_174 /* LabelModel.swift in Sources */,
				OBJ_175 /* ViewSizingMode.swift in Sources */,
			);
			runOnlyForDeploymentPostprocessing = 0;
		};
		OBJ_181 /* Sources */ = {
			isa = PBXSourcesBuildPhase;
			buildActionMask = 0;
			files = (
				OBJ_182 /* Package.swift in Sources */,
			);
			runOnlyForDeploymentPostprocessing = 0;
		};
		OBJ_192 /* Sources */ = {
			isa = PBXSourcesBuildPhase;
			buildActionMask = 0;
			files = (
				OBJ_193 /* ConcurrencyTests.swift in Sources */,
				OBJ_194 /* ListModelTests.swift in Sources */,
				OBJ_195 /* TitleView.swift in Sources */,
				OBJ_196 /* TitleViewModel.swift in Sources */,
				OBJ_197 /* Utils.swift in Sources */,
			);
			runOnlyForDeploymentPostprocessing = 0;
		};
/* End PBXSourcesBuildPhase section */

/* Begin PBXTargetDependency section */
		OBJ_187 /* PBXTargetDependency */ = {
			isa = PBXTargetDependency;
			target = "ListModel::ListModelTests" /* ListModelTests */;
			targetProxy = AC803E03250B89770082D676 /* PBXContainerItemProxy */;
		};
		OBJ_200 /* PBXTargetDependency */ = {
			isa = PBXTargetDependency;
			target = "ListModel::ListModel" /* ListModel */;
			targetProxy = AC803E02250B89760082D676 /* PBXContainerItemProxy */;
		};
/* End PBXTargetDependency section */

/* Begin XCBuildConfiguration section */
		OBJ_105 /* Debug */ = {
			isa = XCBuildConfiguration;
			buildSettings = {
				ENABLE_TESTABILITY = YES;
				FRAMEWORK_SEARCH_PATHS = (
					"$(inherited)",
					"$(PLATFORM_DIR)/Developer/Library/Frameworks",
				);
				HEADER_SEARCH_PATHS = "$(inherited)";
				INFOPLIST_FILE = ListModel.xcodeproj/ListModel_Info.plist;
				IPHONEOS_DEPLOYMENT_TARGET = 10.0;
				LD_RUNPATH_SEARCH_PATHS = "$(inherited) $(TOOLCHAIN_DIR)/usr/lib/swift/macosx";
				MACOSX_DEPLOYMENT_TARGET = 10.10;
				OTHER_CFLAGS = "$(inherited)";
				OTHER_LDFLAGS = "$(inherited)";
				OTHER_SWIFT_FLAGS = "$(inherited)";
				PRODUCT_BUNDLE_IDENTIFIER = ListModel;
				PRODUCT_MODULE_NAME = "$(TARGET_NAME:c99extidentifier)";
				PRODUCT_NAME = "$(TARGET_NAME:c99extidentifier)";
				SKIP_INSTALL = YES;
				SWIFT_ACTIVE_COMPILATION_CONDITIONS = "$(inherited)";
				SWIFT_VERSION = 5.0;
				TARGET_NAME = ListModel;
				TVOS_DEPLOYMENT_TARGET = 10.0;
				WATCHOS_DEPLOYMENT_TARGET = 2.0;
			};
			name = Debug;
		};
		OBJ_106 /* Release */ = {
			isa = XCBuildConfiguration;
			buildSettings = {
				ENABLE_TESTABILITY = YES;
				FRAMEWORK_SEARCH_PATHS = (
					"$(inherited)",
					"$(PLATFORM_DIR)/Developer/Library/Frameworks",
				);
				HEADER_SEARCH_PATHS = "$(inherited)";
				INFOPLIST_FILE = ListModel.xcodeproj/ListModel_Info.plist;
				IPHONEOS_DEPLOYMENT_TARGET = 10.0;
				LD_RUNPATH_SEARCH_PATHS = "$(inherited) $(TOOLCHAIN_DIR)/usr/lib/swift/macosx";
				MACOSX_DEPLOYMENT_TARGET = 10.10;
				OTHER_CFLAGS = "$(inherited)";
				OTHER_LDFLAGS = "$(inherited)";
				OTHER_SWIFT_FLAGS = "$(inherited)";
				PRODUCT_BUNDLE_IDENTIFIER = ListModel;
				PRODUCT_MODULE_NAME = "$(TARGET_NAME:c99extidentifier)";
				PRODUCT_NAME = "$(TARGET_NAME:c99extidentifier)";
				SKIP_INSTALL = YES;
				SWIFT_ACTIVE_COMPILATION_CONDITIONS = "$(inherited)";
				SWIFT_VERSION = 5.0;
				TARGET_NAME = ListModel;
				TVOS_DEPLOYMENT_TARGET = 10.0;
				WATCHOS_DEPLOYMENT_TARGET = 2.0;
			};
			name = Release;
		};
		OBJ_179 /* Debug */ = {
			isa = XCBuildConfiguration;
			buildSettings = {
				LD = /usr/bin/true;
				OTHER_SWIFT_FLAGS = "-swift-version 5 -I $(TOOLCHAIN_DIR)/usr/lib/swift/pm/4_2 -target x86_64-apple-macosx10.10 -sdk /Applications/Xcode113.app/Contents/Developer/Platforms/MacOSX.platform/Developer/SDKs/MacOSX10.15.sdk -package-description-version 5.1";
				SWIFT_VERSION = 5.0;
			};
			name = Debug;
		};
		OBJ_180 /* Release */ = {
			isa = XCBuildConfiguration;
			buildSettings = {
				LD = /usr/bin/true;
				OTHER_SWIFT_FLAGS = "-swift-version 5 -I $(TOOLCHAIN_DIR)/usr/lib/swift/pm/4_2 -target x86_64-apple-macosx10.10 -sdk /Applications/Xcode113.app/Contents/Developer/Platforms/MacOSX.platform/Developer/SDKs/MacOSX10.15.sdk -package-description-version 5.1";
				SWIFT_VERSION = 5.0;
			};
			name = Release;
		};
		OBJ_185 /* Debug */ = {
			isa = XCBuildConfiguration;
			buildSettings = {
			};
			name = Debug;
		};
		OBJ_186 /* Release */ = {
			isa = XCBuildConfiguration;
			buildSettings = {
			};
			name = Release;
		};
		OBJ_190 /* Debug */ = {
			isa = XCBuildConfiguration;
			buildSettings = {
				CLANG_ENABLE_MODULES = YES;
				EMBEDDED_CONTENT_CONTAINS_SWIFT = YES;
				FRAMEWORK_SEARCH_PATHS = (
					"$(inherited)",
					"$(PLATFORM_DIR)/Developer/Library/Frameworks",
				);
				HEADER_SEARCH_PATHS = "$(inherited)";
				INFOPLIST_FILE = ListModel.xcodeproj/ListModelTests_Info.plist;
				IPHONEOS_DEPLOYMENT_TARGET = 10.0;
				LD_RUNPATH_SEARCH_PATHS = "$(inherited) @loader_path/../Frameworks @loader_path/Frameworks";
				MACOSX_DEPLOYMENT_TARGET = 10.10;
				OTHER_CFLAGS = "$(inherited)";
				OTHER_LDFLAGS = "$(inherited)";
				OTHER_SWIFT_FLAGS = "$(inherited)";
				SWIFT_ACTIVE_COMPILATION_CONDITIONS = "$(inherited)";
				SWIFT_VERSION = 5.0;
				TARGET_NAME = ListModelTests;
				TVOS_DEPLOYMENT_TARGET = 10.0;
				WATCHOS_DEPLOYMENT_TARGET = 2.0;
			};
			name = Debug;
		};
		OBJ_191 /* Release */ = {
			isa = XCBuildConfiguration;
			buildSettings = {
				CLANG_ENABLE_MODULES = YES;
				EMBEDDED_CONTENT_CONTAINS_SWIFT = YES;
				FRAMEWORK_SEARCH_PATHS = (
					"$(inherited)",
					"$(PLATFORM_DIR)/Developer/Library/Frameworks",
				);
				HEADER_SEARCH_PATHS = "$(inherited)";
				INFOPLIST_FILE = ListModel.xcodeproj/ListModelTests_Info.plist;
				IPHONEOS_DEPLOYMENT_TARGET = 10.0;
				LD_RUNPATH_SEARCH_PATHS = "$(inherited) @loader_path/../Frameworks @loader_path/Frameworks";
				MACOSX_DEPLOYMENT_TARGET = 10.10;
				OTHER_CFLAGS = "$(inherited)";
				OTHER_LDFLAGS = "$(inherited)";
				OTHER_SWIFT_FLAGS = "$(inherited)";
				SWIFT_ACTIVE_COMPILATION_CONDITIONS = "$(inherited)";
				SWIFT_VERSION = 5.0;
				TARGET_NAME = ListModelTests;
				TVOS_DEPLOYMENT_TARGET = 10.0;
				WATCHOS_DEPLOYMENT_TARGET = 2.0;
			};
			name = Release;
		};
		OBJ_3 /* Debug */ = {
			isa = XCBuildConfiguration;
			buildSettings = {
				CLANG_ENABLE_OBJC_ARC = YES;
				COMBINE_HIDPI_IMAGES = YES;
				COPY_PHASE_STRIP = NO;
				DEBUG_INFORMATION_FORMAT = dwarf;
				DYLIB_INSTALL_NAME_BASE = "@rpath";
				ENABLE_NS_ASSERTIONS = YES;
				GCC_OPTIMIZATION_LEVEL = 0;
				GCC_PREPROCESSOR_DEFINITIONS = (
					"$(inherited)",
					"SWIFT_PACKAGE=1",
					"DEBUG=1",
				);
				MACOSX_DEPLOYMENT_TARGET = 10.10;
				ONLY_ACTIVE_ARCH = YES;
				OTHER_SWIFT_FLAGS = "$(inherited) -DXcode";
				PRODUCT_NAME = "$(TARGET_NAME)";
				SDKROOT = macosx;
				SUPPORTED_PLATFORMS = "macosx iphoneos iphonesimulator appletvos appletvsimulator watchos watchsimulator";
				SWIFT_ACTIVE_COMPILATION_CONDITIONS = "$(inherited) SWIFT_PACKAGE DEBUG";
				SWIFT_OPTIMIZATION_LEVEL = "-Onone";
				USE_HEADERMAP = NO;
			};
			name = Debug;
		};
		OBJ_4 /* Release */ = {
			isa = XCBuildConfiguration;
			buildSettings = {
				CLANG_ENABLE_OBJC_ARC = YES;
				COMBINE_HIDPI_IMAGES = YES;
				COPY_PHASE_STRIP = YES;
				DEBUG_INFORMATION_FORMAT = "dwarf-with-dsym";
				DYLIB_INSTALL_NAME_BASE = "@rpath";
				GCC_OPTIMIZATION_LEVEL = s;
				GCC_PREPROCESSOR_DEFINITIONS = (
					"$(inherited)",
					"SWIFT_PACKAGE=1",
				);
				MACOSX_DEPLOYMENT_TARGET = 10.10;
				OTHER_SWIFT_FLAGS = "$(inherited) -DXcode";
				PRODUCT_NAME = "$(TARGET_NAME)";
				SDKROOT = macosx;
				SUPPORTED_PLATFORMS = "macosx iphoneos iphonesimulator appletvos appletvsimulator watchos watchsimulator";
				SWIFT_ACTIVE_COMPILATION_CONDITIONS = "$(inherited) SWIFT_PACKAGE";
				SWIFT_OPTIMIZATION_LEVEL = "-Owholemodule";
				USE_HEADERMAP = NO;
			};
			name = Release;
		};
/* End XCBuildConfiguration section */

/* Begin XCConfigurationList section */
		OBJ_104 /* Build configuration list for PBXNativeTarget "ListModel" */ = {
			isa = XCConfigurationList;
			buildConfigurations = (
				OBJ_105 /* Debug */,
				OBJ_106 /* Release */,
			);
			defaultConfigurationIsVisible = 0;
			defaultConfigurationName = Release;
		};
		OBJ_178 /* Build configuration list for PBXNativeTarget "ListModelPackageDescription" */ = {
			isa = XCConfigurationList;
			buildConfigurations = (
				OBJ_179 /* Debug */,
				OBJ_180 /* Release */,
			);
			defaultConfigurationIsVisible = 0;
			defaultConfigurationName = Release;
		};
		OBJ_184 /* Build configuration list for PBXAggregateTarget "ListModelPackageTests" */ = {
			isa = XCConfigurationList;
			buildConfigurations = (
				OBJ_185 /* Debug */,
				OBJ_186 /* Release */,
			);
			defaultConfigurationIsVisible = 0;
			defaultConfigurationName = Release;
		};
		OBJ_189 /* Build configuration list for PBXNativeTarget "ListModelTests" */ = {
			isa = XCConfigurationList;
			buildConfigurations = (
				OBJ_190 /* Debug */,
				OBJ_191 /* Release */,
			);
			defaultConfigurationIsVisible = 0;
			defaultConfigurationName = Release;
		};
		OBJ_2 /* Build configuration list for PBXProject "ListModel" */ = {
			isa = XCConfigurationList;
			buildConfigurations = (
				OBJ_3 /* Debug */,
				OBJ_4 /* Release */,
			);
			defaultConfigurationIsVisible = 0;
			defaultConfigurationName = Release;
		};
/* End XCConfigurationList section */
	};
	rootObject = OBJ_1 /* Project object */;
}
